
Microsoft Visual Studio Solution File, Format Version 12.00
# Visual Studio 2015
Project("{FAE04EC0-301F-11D3-BF4B-00C04F79EFBC}") = "activelife-itstimetexas-unity.CSharp.Plugins", "activelife-itstimetexas-unity.CSharp.Plugins.csproj", "{FA774BE1-34A0-6DB2-573B-C30D6E108BCE}"
EndProject
Project("{FAE04EC0-301F-11D3-BF4B-00C04F79EFBC}") = "activelife-itstimetexas-unity.CSharp", "activelife-itstimetexas-unity.CSharp.csproj", "{E67BCD1C-4E5B-1533-4C8C-60564A2DB941}"
EndProject
Project("{FAE04EC0-301F-11D3-BF4B-00C04F79EFBC}") = "activelife-itstimetexas-unity.CSharp.Editor.Plugins", "activelife-itstimetexas-unity.CSharp.Editor.Plugins.csproj", "{AC33D498-B06A-F319-8620-3A88E8A4141E}"
EndProject
Project("{FAE04EC0-301F-11D3-BF4B-00C04F79EFBC}") = "activelife-itstimetexas-unity.CSharp.Editor", "activelife-itstimetexas-unity.CSharp.Editor.csproj", "{82D85132-B5E4-FEAA-3749-1476E63571B8}"
EndProject
Global
	GlobalSection(SolutionConfigurationPlatforms) = preSolution
		Debug|Any CPU = Debug|Any CPU
		Release|Any CPU = Release|Any CPU
	EndGlobalSection
	GlobalSection(ProjectConfigurationPlatforms) = postSolution
		{FA774BE1-34A0-6DB2-573B-C30D6E108BCE}.Debug|Any CPU.ActiveCfg = Debug|Any CPU
		{FA774BE1-34A0-6DB2-573B-C30D6E108BCE}.Debug|Any CPU.Build.0 = Debug|Any CPU
		{FA774BE1-34A0-6DB2-573B-C30D6E108BCE}.Release|Any CPU.ActiveCfg = Release|Any CPU
		{FA774BE1-34A0-6DB2-573B-C30D6E108BCE}.Release|Any CPU.Build.0 = Release|Any CPU
		{E67BCD1C-4E5B-1533-4C8C-60564A2DB941}.Debug|Any CPU.ActiveCfg = Debug|Any CPU
		{E67BCD1C-4E5B-1533-4C8C-60564A2DB941}.Debug|Any CPU.Build.0 = Debug|Any CPU
		{E67BCD1C-4E5B-1533-4C8C-60564A2DB941}.Release|Any CPU.ActiveCfg = Release|Any CPU
		{E67BCD1C-4E5B-1533-4C8C-60564A2DB941}.Release|Any CPU.Build.0 = Release|Any CPU
		{AC33D498-B06A-F319-8620-3A88E8A4141E}.Debug|Any CPU.ActiveCfg = Debug|Any CPU
		{AC33D498-B06A-F319-8620-3A88E8A4141E}.Debug|Any CPU.Build.0 = Debug|Any CPU
		{AC33D498-B06A-F319-8620-3A88E8A4141E}.Release|Any CPU.ActiveCfg = Release|Any CPU
		{AC33D498-B06A-F319-8620-3A88E8A4141E}.Release|Any CPU.Build.0 = Release|Any CPU
		{82D85132-B5E4-FEAA-3749-1476E63571B8}.Debug|Any CPU.ActiveCfg = Debug|Any CPU
		{82D85132-B5E4-FEAA-3749-1476E63571B8}.Debug|Any CPU.Build.0 = Debug|Any CPU
		{82D85132-B5E4-FEAA-3749-1476E63571B8}.Release|Any CPU.ActiveCfg = Release|Any CPU
		{82D85132-B5E4-FEAA-3749-1476E63571B8}.Release|Any CPU.Build.0 = Release|Any CPU
	EndGlobalSection
	GlobalSection(SolutionProperties) = preSolution
		HideSolutionNode = FALSE
	EndGlobalSection
EndGlobal
