Microsoft Visual Studio Solution File, Format Version 11.00
# Visual Studio 2008

Project("{3A404818-72D9-4937-CECE-3073206E5DC4}") = "activelife-itstimetexas-unity", "Assembly-CSharp-firstpass-vs.csproj", "{5B711C16-D9CD-C413-D23F-2825A16E48C8}"
EndProject
Project("{3A404818-72D9-4937-CECE-3073206E5DC4}") = "activelife-itstimetexas-unity", "Assembly-CSharp-vs.csproj", "{6AD8B9B3-7605-3DC0-69EF-E5B1A49B9DCC}"
EndProject
Project("{3A404818-72D9-4937-CECE-3073206E5DC4}") = "activelife-itstimetexas-unity", "Assembly-CSharp-Editor-firstpass-vs.csproj", "{4D6C8418-8AE9-C72C-8323-84DD331BA707}"
EndProject
Project("{3A404818-72D9-4937-CECE-3073206E5DC4}") = "activelife-itstimetexas-unity", "Assembly-CSharp-Editor-vs.csproj", "{2F0611A1-B59F-71DB-B0FC-0C66E53CA3C3}"
EndProject
Global
	GlobalSection(SolutionConfigurationPlatforms) = preSolution
		Debug|Any CPU = Debug|Any CPU
		Release|Any CPU = Release|Any CPU
	EndGlobalSection
	GlobalSection(ProjectConfigurationPlatforms) = postSolution
		{5B711C16-D9CD-C413-D23F-2825A16E48C8}.Debug|Any CPU.ActiveCfg = Debug|Any CPU
		{5B711C16-D9CD-C413-D23F-2825A16E48C8}.Debug|Any CPU.Build.0 = Debug|Any CPU
		{5B711C16-D9CD-C413-D23F-2825A16E48C8}.Release|Any CPU.ActiveCfg = Release|Any CPU
		{5B711C16-D9CD-C413-D23F-2825A16E48C8}.Release|Any CPU.Build.0 = Release|Any CPU
		{6AD8B9B3-7605-3DC0-69EF-E5B1A49B9DCC}.Debug|Any CPU.ActiveCfg = Debug|Any CPU
		{6AD8B9B3-7605-3DC0-69EF-E5B1A49B9DCC}.Debug|Any CPU.Build.0 = Debug|Any CPU
		{6AD8B9B3-7605-3DC0-69EF-E5B1A49B9DCC}.Release|Any CPU.ActiveCfg = Release|Any CPU
		{6AD8B9B3-7605-3DC0-69EF-E5B1A49B9DCC}.Release|Any CPU.Build.0 = Release|Any CPU
		{4D6C8418-8AE9-C72C-8323-84DD331BA707}.Debug|Any CPU.ActiveCfg = Debug|Any CPU
		{4D6C8418-8AE9-C72C-8323-84DD331BA707}.Debug|Any CPU.Build.0 = Debug|Any CPU
		{4D6C8418-8AE9-C72C-8323-84DD331BA707}.Release|Any CPU.ActiveCfg = Release|Any CPU
		{4D6C8418-8AE9-C72C-8323-84DD331BA707}.Release|Any CPU.Build.0 = Release|Any CPU
		{2F0611A1-B59F-71DB-B0FC-0C66E53CA3C3}.Debug|Any CPU.ActiveCfg = Debug|Any CPU
		{2F0611A1-B59F-71DB-B0FC-0C66E53CA3C3}.Debug|Any CPU.Build.0 = Debug|Any CPU
		{2F0611A1-B59F-71DB-B0FC-0C66E53CA3C3}.Release|Any CPU.ActiveCfg = Release|Any CPU
		{2F0611A1-B59F-71DB-B0FC-0C66E53CA3C3}.Release|Any CPU.Build.0 = Release|Any CPU
	EndGlobalSection
	GlobalSection(SolutionProperties) = preSolution
		HideSolutionNode = FALSE
	EndGlobalSection
		GlobalSection(MonoDevelopProperties) = preSolution
		StartupItem = Assembly-CSharp.csproj
		Policies = $0
		$0.TextStylePolicy = $1
		$1.inheritsSet = null
		$1.scope = text/x-csharp
		$0.CSharpFormattingPolicy = $2
		$2.inheritsSet = Mono
		$2.inheritsScope = text/x-csharp
		$2.scope = text/x-csharp
		$0.TextStylePolicy = $3
		$3.FileWidth = 120
		$3.TabWidth = 4
		$3.IndentWidth = 4
		$3.EolMarker = Unix
		$3.inheritsSet = Mono
		$3.inheritsScope = text/plain
		$3.scope = text/plain
	EndGlobalSection

EndGlobal
